// !$*UTF8*$!
{
	archiveVersion = 1;
	classes = {
	};
	objectVersion = 50;
	objects = {

/* Begin PBXBuildFile section */
		347BD2F3D0AFB1945AE3DCC4 /* Pods_CoffeeOrderSystemPractice.framework in Frameworks */ = {isa = PBXBuildFile; fileRef = BD497909CCE31B2128774EEF /* Pods_CoffeeOrderSystemPractice.framework */; };
		B79E766120D7432800B13157 /* AppDelegate.swift in Sources */ = {isa = PBXBuildFile; fileRef = B79E766020D7432800B13157 /* AppDelegate.swift */; };
		B79E766320D7432800B13157 /* CoffeeOrderViewController.swift in Sources */ = {isa = PBXBuildFile; fileRef = B79E766220D7432800B13157 /* CoffeeOrderViewController.swift */; };
		B79E766620D7432800B13157 /* CoffeeOrder.storyboard in Resources */ = {isa = PBXBuildFile; fileRef = B79E766420D7432800B13157 /* CoffeeOrder.storyboard */; };
		B79E766820D7432900B13157 /* Assets.xcassets in Resources */ = {isa = PBXBuildFile; fileRef = B79E766720D7432900B13157 /* Assets.xcassets */; };
		B79E766B20D7432900B13157 /* LaunchScreen.storyboard in Resources */ = {isa = PBXBuildFile; fileRef = B79E766920D7432900B13157 /* LaunchScreen.storyboard */; };
		B79E767520D74BBD00B13157 /* GoogleService-Info.plist in Resources */ = {isa = PBXBuildFile; fileRef = B79E767420D74BBD00B13157 /* GoogleService-Info.plist */; };
/* End PBXBuildFile section */

/* Begin PBXFileReference section */
		7561C36024FACB6D8F456A8E /* Pods-CoffeeOrderSystemPractice.release.xcconfig */ = {isa = PBXFileReference; includeInIndex = 1; lastKnownFileType = text.xcconfig; name = "Pods-CoffeeOrderSystemPractice.release.xcconfig"; path = "Pods/Target Support Files/Pods-CoffeeOrderSystemPractice/Pods-CoffeeOrderSystemPractice.release.xcconfig"; sourceTree = "<group>"; };
		AEE0EE680AE2DAFAC743E291 /* Pods-CoffeeOrderSystemPractice.debug.xcconfig */ = {isa = PBXFileReference; includeInIndex = 1; lastKnownFileType = text.xcconfig; name = "Pods-CoffeeOrderSystemPractice.debug.xcconfig"; path = "Pods/Target Support Files/Pods-CoffeeOrderSystemPractice/Pods-CoffeeOrderSystemPractice.debug.xcconfig"; sourceTree = "<group>"; };
		B79E765D20D7432800B13157 /* CoffeeOrderSystemPractice.app */ = {isa = PBXFileReference; explicitFileType = wrapper.application; includeInIndex = 0; path = CoffeeOrderSystemPractice.app; sourceTree = BUILT_PRODUCTS_DIR; };
		B79E766020D7432800B13157 /* AppDelegate.swift */ = {isa = PBXFileReference; lastKnownFileType = sourcecode.swift; path = AppDelegate.swift; sourceTree = "<group>"; };
		B79E766220D7432800B13157 /* CoffeeOrderViewController.swift */ = {isa = PBXFileReference; lastKnownFileType = sourcecode.swift; path = CoffeeOrderViewController.swift; sourceTree = "<group>"; };
		B79E766520D7432800B13157 /* Base */ = {isa = PBXFileReference; lastKnownFileType = file.storyboard; name = Base; path = Base.lproj/CoffeeOrder.storyboard; sourceTree = "<group>"; };
		B79E766720D7432900B13157 /* Assets.xcassets */ = {isa = PBXFileReference; lastKnownFileType = folder.assetcatalog; path = Assets.xcassets; sourceTree = "<group>"; };
		B79E766A20D7432900B13157 /* Base */ = {isa = PBXFileReference; lastKnownFileType = file.storyboard; name = Base; path = Base.lproj/LaunchScreen.storyboard; sourceTree = "<group>"; };
		B79E766C20D7432900B13157 /* Info.plist */ = {isa = PBXFileReference; lastKnownFileType = text.plist.xml; path = Info.plist; sourceTree = "<group>"; };
		B79E767420D74BBD00B13157 /* GoogleService-Info.plist */ = {isa = PBXFileReference; fileEncoding = 4; lastKnownFileType = text.plist.xml; path = "GoogleService-Info.plist"; sourceTree = "<group>"; };
		BD497909CCE31B2128774EEF /* Pods_CoffeeOrderSystemPractice.framework */ = {isa = PBXFileReference; explicitFileType = wrapper.framework; includeInIndex = 0; path = Pods_CoffeeOrderSystemPractice.framework; sourceTree = BUILT_PRODUCTS_DIR; };
/* End PBXFileReference section */

/* Begin PBXFrameworksBuildPhase section */
		B79E765A20D7432800B13157 /* Frameworks */ = {
			isa = PBXFrameworksBuildPhase;
			buildActionMask = 2147483647;
			files = (
				347BD2F3D0AFB1945AE3DCC4 /* Pods_CoffeeOrderSystemPractice.framework in Frameworks */,
			);
			runOnlyForDeploymentPostprocessing = 0;
		};
/* End PBXFrameworksBuildPhase section */

/* Begin PBXGroup section */
		4BD48023DFCBCD95F18E1FC6 /* Pods */ = {
			isa = PBXGroup;
			children = (
				AEE0EE680AE2DAFAC743E291 /* Pods-CoffeeOrderSystemPractice.debug.xcconfig */,
				7561C36024FACB6D8F456A8E /* Pods-CoffeeOrderSystemPractice.release.xcconfig */,
			);
			name = Pods;
			sourceTree = "<group>";
		};
		6DB71D19DAEEF72CFC11BE63 /* Frameworks */ = {
			isa = PBXGroup;
			children = (
				BD497909CCE31B2128774EEF /* Pods_CoffeeOrderSystemPractice.framework */,
			);
			name = Frameworks;
			sourceTree = "<group>";
		};
		B79E765420D7432800B13157 = {
			isa = PBXGroup;
			children = (
				B79E765F20D7432800B13157 /* CoffeeOrderSystemPractice */,
				B79E765E20D7432800B13157 /* Products */,
				4BD48023DFCBCD95F18E1FC6 /* Pods */,
				6DB71D19DAEEF72CFC11BE63 /* Frameworks */,
			);
			sourceTree = "<group>";
		};
		B79E765E20D7432800B13157 /* Products */ = {
			isa = PBXGroup;
			children = (
				B79E765D20D7432800B13157 /* CoffeeOrderSystemPractice.app */,
			);
			name = Products;
			sourceTree = "<group>";
		};
		B79E765F20D7432800B13157 /* CoffeeOrderSystemPractice */ = {
			isa = PBXGroup;
			children = (
				B79E766020D7432800B13157 /* AppDelegate.swift */,
				B79E766220D7432800B13157 /* CoffeeOrderViewController.swift */,
				B79E766420D7432800B13157 /* CoffeeOrder.storyboard */,
				B79E766720D7432900B13157 /* Assets.xcassets */,
				B79E766920D7432900B13157 /* LaunchScreen.storyboard */,
				B79E766C20D7432900B13157 /* Info.plist */,
				B79E767420D74BBD00B13157 /* GoogleService-Info.plist */,
			);
			path = CoffeeOrderSystemPractice;
			sourceTree = "<group>";
		};
/* End PBXGroup section */

/* Begin PBXNativeTarget section */
		B79E765C20D7432800B13157 /* CoffeeOrderSystemPractice */ = {
			isa = PBXNativeTarget;
			buildConfigurationList = B79E766F20D7432900B13157 /* Build configuration list for PBXNativeTarget "CoffeeOrderSystemPractice" */;
			buildPhases = (
				87AC9D8C9735A290D8C7FD88 /* [CP] Check Pods Manifest.lock */,
				B79E765920D7432800B13157 /* Sources */,
				B79E765A20D7432800B13157 /* Frameworks */,
				B79E765B20D7432800B13157 /* Resources */,
				DE7B1B40BB46A9A5090A0BF2 /* [CP] Embed Pods Frameworks */,
			);
			buildRules = (
			);
			dependencies = (
			);
			name = CoffeeOrderSystemPractice;
			productName = CoffeeOrderSystemPractice;
			productReference = B79E765D20D7432800B13157 /* CoffeeOrderSystemPractice.app */;
			productType = "com.apple.product-type.application";
		};
/* End PBXNativeTarget section */

/* Begin PBXProject section */
		B79E765520D7432800B13157 /* Project object */ = {
			isa = PBXProject;
			attributes = {
				LastSwiftUpdateCheck = 0930;
				LastUpgradeCheck = 0930;
				ORGANIZATIONNAME = BoTingDing;
				TargetAttributes = {
					B79E765C20D7432800B13157 = {
						CreatedOnToolsVersion = 9.3;
					};
				};
			};
			buildConfigurationList = B79E765820D7432800B13157 /* Build configuration list for PBXProject "CoffeeOrderSystemPractice" */;
			compatibilityVersion = "Xcode 9.3";
			developmentRegion = en;
			hasScannedForEncodings = 0;
			knownRegions = (
				en,
				Base,
			);
			mainGroup = B79E765420D7432800B13157;
			productRefGroup = B79E765E20D7432800B13157 /* Products */;
			projectDirPath = "";
			projectRoot = "";
			targets = (
				B79E765C20D7432800B13157 /* CoffeeOrderSystemPractice */,
			);
		};
/* End PBXProject section */

/* Begin PBXResourcesBuildPhase section */
		B79E765B20D7432800B13157 /* Resources */ = {
			isa = PBXResourcesBuildPhase;
			buildActionMask = 2147483647;
			files = (
				B79E766B20D7432900B13157 /* LaunchScreen.storyboard in Resources */,
				B79E767520D74BBD00B13157 /* GoogleService-Info.plist in Resources */,
				B79E766820D7432900B13157 /* Assets.xcassets in Resources */,
				B79E766620D7432800B13157 /* CoffeeOrder.storyboard in Resources */,
			);
			runOnlyForDeploymentPostprocessing = 0;
		};
/* End PBXResourcesBuildPhase section */

/* Begin PBXShellScriptBuildPhase section */
		87AC9D8C9735A290D8C7FD88 /* [CP] Check Pods Manifest.lock */ = {
			isa = PBXShellScriptBuildPhase;
			buildActionMask = 2147483647;
			files = (
			);
			inputPaths = (
				"${PODS_PODFILE_DIR_PATH}/Podfile.lock",
				"${PODS_ROOT}/Manifest.lock",
			);
			name = "[CP] Check Pods Manifest.lock";
			outputPaths = (
				"$(DERIVED_FILE_DIR)/Pods-CoffeeOrderSystemPractice-checkManifestLockResult.txt",
			);
			runOnlyForDeploymentPostprocessing = 0;
			shellPath = /bin/sh;
			shellScript = "diff \"${PODS_PODFILE_DIR_PATH}/Podfile.lock\" \"${PODS_ROOT}/Manifest.lock\" > /dev/null\nif [ $? != 0 ] ; then\n    # print error to STDERR\n    echo \"error: The sandbox is not in sync with the Podfile.lock. Run 'pod install' or update your CocoaPods installation.\" >&2\n    exit 1\nfi\n# This output is used by Xcode 'outputs' to avoid re-running this script phase.\necho \"SUCCESS\" > \"${SCRIPT_OUTPUT_FILE_0}\"\n";
			showEnvVarsInLog = 0;
		};
		DE7B1B40BB46A9A5090A0BF2 /* [CP] Embed Pods Frameworks */ = {
			isa = PBXShellScriptBuildPhase;
			buildActionMask = 2147483647;
			files = (
			);
			inputPaths = (
				"${SRCROOT}/Pods/Target Support Files/Pods-CoffeeOrderSystemPractice/Pods-CoffeeOrderSystemPractice-frameworks.sh",
				"${BUILT_PRODUCTS_DIR}/GoogleToolboxForMac/GoogleToolboxForMac.framework",
				"${BUILT_PRODUCTS_DIR}/nanopb/nanopb.framework",
			);
			name = "[CP] Embed Pods Frameworks";
			outputPaths = (
				"${TARGET_BUILD_DIR}/${FRAMEWORKS_FOLDER_PATH}/GoogleToolboxForMac.framework",
				"${TARGET_BUILD_DIR}/${FRAMEWORKS_FOLDER_PATH}/nanopb.framework",
			);
			runOnlyForDeploymentPostprocessing = 0;
			shellPath = /bin/sh;
			shellScript = "\"${SRCROOT}/Pods/Target Support Files/Pods-CoffeeOrderSystemPractice/Pods-CoffeeOrderSystemPractice-frameworks.sh\"\n";
			showEnvVarsInLog = 0;
		};
/* End PBXShellScriptBuildPhase section */

/* Begin PBXSourcesBuildPhase section */
		B79E765920D7432800B13157 /* Sources */ = {
			isa = PBXSourcesBuildPhase;
			buildActionMask = 2147483647;
			files = (
				B79E766320D7432800B13157 /* CoffeeOrderViewController.swift in Sources */,
				B79E766120D7432800B13157 /* AppDelegate.swift in Sources */,
			);
			runOnlyForDeploymentPostprocessing = 0;
		};
/* End PBXSourcesBuildPhase section */

/* Begin PBXVariantGroup section */
		B79E766420D7432800B13157 /* CoffeeOrder.storyboard */ = {
			isa = PBXVariantGroup;
			children = (
				B79E766520D7432800B13157 /* Base */,
			);
			name = CoffeeOrder.storyboard;
			sourceTree = "<group>";
		};
		B79E766920D7432900B13157 /* LaunchScreen.storyboard */ = {
			isa = PBXVariantGroup;
			children = (
				B79E766A20D7432900B13157 /* Base */,
			);
			name = LaunchScreen.storyboard;
			sourceTree = "<group>";
		};
/* End PBXVariantGroup section */

/* Begin XCBuildConfiguration section */
		B79E766D20D7432900B13157 /* Debug */ = {
			isa = XCBuildConfiguration;
			buildSettings = {
				ALWAYS_SEARCH_USER_PATHS = NO;
				CLANG_ANALYZER_NONNULL = YES;
				CLANG_ANALYZER_NUMBER_OBJECT_CONVERSION = YES_AGGRESSIVE;
				CLANG_CXX_LANGUAGE_STANDARD = "gnu++14";
				CLANG_CXX_LIBRARY = "libc++";
				CLANG_ENABLE_MODULES = YES;
				CLANG_ENABLE_OBJC_ARC = YES;
				CLANG_ENABLE_OBJC_WEAK = YES;
				CLANG_WARN_BLOCK_CAPTURE_AUTORELEASING = YES;
				CLANG_WARN_BOOL_CONVERSION = YES;
				CLANG_WARN_COMMA = YES;
				CLANG_WARN_CONSTANT_CONVERSION = YES;
				CLANG_WARN_DEPRECATED_OBJC_IMPLEMENTATIONS = YES;
				CLANG_WARN_DIRECT_OBJC_ISA_USAGE = YES_ERROR;
				CLANG_WARN_DOCUMENTATION_COMMENTS = YES;
				CLANG_WARN_EMPTY_BODY = YES;
				CLANG_WARN_ENUM_CONVERSION = YES;
				CLANG_WARN_INFINITE_RECURSION = YES;
				CLANG_WARN_INT_CONVERSION = YES;
				CLANG_WARN_NON_LITERAL_NULL_CONVERSION = YES;
				CLANG_WARN_OBJC_IMPLICIT_RETAIN_SELF = YES;
				CLANG_WARN_OBJC_LITERAL_CONVERSION = YES;
				CLANG_WARN_OBJC_ROOT_CLASS = YES_ERROR;
				CLANG_WARN_RANGE_LOOP_ANALYSIS = YES;
				CLANG_WARN_STRICT_PROTOTYPES = YES;
				CLANG_WARN_SUSPICIOUS_MOVE = YES;
				CLANG_WARN_UNGUARDED_AVAILABILITY = YES_AGGRESSIVE;
				CLANG_WARN_UNREACHABLE_CODE = YES;
				CLANG_WARN__DUPLICATE_METHOD_MATCH = YES;
				CODE_SIGN_IDENTITY = "iPhone Developer";
				COPY_PHASE_STRIP = NO;
				DEBUG_INFORMATION_FORMAT = dwarf;
				ENABLE_STRICT_OBJC_MSGSEND = YES;
				ENABLE_TESTABILITY = YES;
				GCC_C_LANGUAGE_STANDARD = gnu11;
				GCC_DYNAMIC_NO_PIC = NO;
				GCC_NO_COMMON_BLOCKS = YES;
				GCC_OPTIMIZATION_LEVEL = 0;
				GCC_PREPROCESSOR_DEFINITIONS = (
					"DEBUG=1",
					"$(inherited)",
				);
				GCC_WARN_64_TO_32_BIT_CONVERSION = YES;
				GCC_WARN_ABOUT_RETURN_TYPE = YES_ERROR;
				GCC_WARN_UNDECLARED_SELECTOR = YES;
				GCC_WARN_UNINITIALIZED_AUTOS = YES_AGGRESSIVE;
				GCC_WARN_UNUSED_FUNCTION = YES;
				GCC_WARN_UNUSED_VARIABLE = YES;
				IPHONEOS_DEPLOYMENT_TARGET = 11.3;
				MTL_ENABLE_DEBUG_INFO = YES;
				ONLY_ACTIVE_ARCH = YES;
				SDKROOT = iphoneos;
				SWIFT_ACTIVE_COMPILATION_CONDITIONS = DEBUG;
				SWIFT_OPTIMIZATION_LEVEL = "-Onone";
			};
			name = Debug;
		};
		B79E766E20D7432900B13157 /* Release */ = {
			isa = XCBuildConfiguration;
			buildSettings = {
				ALWAYS_SEARCH_USER_PATHS = NO;
				CLANG_ANALYZER_NONNULL = YES;
				CLANG_ANALYZER_NUMBER_OBJECT_CONVERSION = YES_AGGRESSIVE;
				CLANG_CXX_LANGUAGE_STANDARD = "gnu++14";
				CLANG_CXX_LIBRARY = "libc++";
				CLANG_ENABLE_MODULES = YES;
				CLANG_ENABLE_OBJC_ARC = YES;
				CLANG_ENABLE_OBJC_WEAK = YES;
				CLANG_WARN_BLOCK_CAPTURE_AUTORELEASING = YES;
				CLANG_WARN_BOOL_CONVERSION = YES;
				CLANG_WARN_COMMA = YES;
				CLANG_WARN_CONSTANT_CONVERSION = YES;
				CLANG_WARN_DEPRECATED_OBJC_IMPLEMENTATIONS = YES;
				CLANG_WARN_DIRECT_OBJC_ISA_USAGE = YES_ERROR;
				CLANG_WARN_DOCUMENTATION_COMMENTS = YES;
				CLANG_WARN_EMPTY_BODY = YES;
				CLANG_WARN_ENUM_CONVERSION = YES;
				CLANG_WARN_INFINITE_RECURSION = YES;
				CLANG_WARN_INT_CONVERSION = YES;
				CLANG_WARN_NON_LITERAL_NULL_CONVERSION = YES;
				CLANG_WARN_OBJC_IMPLICIT_RETAIN_SELF = YES;
				CLANG_WARN_OBJC_LITERAL_CONVERSION = YES;
				CLANG_WARN_OBJC_ROOT_CLASS = YES_ERROR;
				CLANG_WARN_RANGE_LOOP_ANALYSIS = YES;
				CLANG_WARN_STRICT_PROTOTYPES = YES;
				CLANG_WARN_SUSPICIOUS_MOVE = YES;
				CLANG_WARN_UNGUARDED_AVAILABILITY = YES_AGGRESSIVE;
				CLANG_WARN_UNREACHABLE_CODE = YES;
				CLANG_WARN__DUPLICATE_METHOD_MATCH = YES;
				CODE_SIGN_IDENTITY = "iPhone Developer";
				COPY_PHASE_STRIP = NO;
				DEBUG_INFORMATION_FORMAT = "dwarf-with-dsym";
				ENABLE_NS_ASSERTIONS = NO;
				ENABLE_STRICT_OBJC_MSGSEND = YES;
				GCC_C_LANGUAGE_STANDARD = gnu11;
				GCC_NO_COMMON_BLOCKS = YES;
				GCC_WARN_64_TO_32_BIT_CONVERSION = YES;
				GCC_WARN_ABOUT_RETURN_TYPE = YES_ERROR;
				GCC_WARN_UNDECLARED_SELECTOR = YES;
				GCC_WARN_UNINITIALIZED_AUTOS = YES_AGGRESSIVE;
				GCC_WARN_UNUSED_FUNCTION = YES;
				GCC_WARN_UNUSED_VARIABLE = YES;
				IPHONEOS_DEPLOYMENT_TARGET = 11.3;
				MTL_ENABLE_DEBUG_INFO = NO;
				SDKROOT = iphoneos;
				SWIFT_COMPILATION_MODE = wholemodule;
				SWIFT_OPTIMIZATION_LEVEL = "-O";
				VALIDATE_PRODUCT = YES;
			};
			name = Release;
		};
		B79E767020D7432900B13157 /* Debug */ = {
			isa = XCBuildConfiguration;
			baseConfigurationReference = AEE0EE680AE2DAFAC743E291 /* Pods-CoffeeOrderSystemPractice.debug.xcconfig */;
			buildSettings = {
				ASSETCATALOG_COMPILER_APPICON_NAME = AppIcon;
				CODE_SIGN_STYLE = Automatic;
				DEVELOPMENT_TEAM = 6HH362Z9DX;
				INFOPLIST_FILE = CoffeeOrderSystemPractice/Info.plist;
				LD_RUNPATH_SEARCH_PATHS = "$(inherited) @executable_path/Frameworks";
				PRODUCT_BUNDLE_IDENTIFIER = com.btding.CoffeeOrderSystemPractice;
				PRODUCT_NAME = "$(TARGET_NAME)";
				SWIFT_VERSION = 4.0;
				TARGETED_DEVICE_FAMILY = "1,2";
			};
			name = Debug;
		};
		B79E767120D7432900B13157 /* Release */ = {
			isa = XCBuildConfiguration;
			baseConfigurationReference = 7561C36024FACB6D8F456A8E /* Pods-CoffeeOrderSystemPractice.release.xcconfig */;
			buildSettings = {
				ASSETCATALOG_COMPILER_APPICON_NAME = AppIcon;
				CODE_SIGN_STYLE = Automatic;
				DEVELOPMENT_TEAM = 6HH362Z9DX;
				INFOPLIST_FILE = CoffeeOrderSystemPractice/Info.plist;
				LD_RUNPATH_SEARCH_PATHS = "$(inherited) @executable_path/Frameworks";
				PRODUCT_BUNDLE_IDENTIFIER = com.btding.CoffeeOrderSystemPractice;
				PRODUCT_NAME = "$(TARGET_NAME)";
				SWIFT_VERSION = 4.0;
				TARGETED_DEVICE_FAMILY = "1,2";
			};
			name = Release;
		};
/* End XCBuildConfiguration section */

/* Begin XCConfigurationList section */
		B79E765820D7432800B13157 /* Build configuration list for PBXProject "CoffeeOrderSystemPractice" */ = {
			isa = XCConfigurationList;
			buildConfigurations = (
				B79E766D20D7432900B13157 /* Debug */,
				B79E766E20D7432900B13157 /* Release */,
			);
			defaultConfigurationIsVisible = 0;
			defaultConfigurationName = Release;
		};
		B79E766F20D7432900B13157 /* Build configuration list for PBXNativeTarget "CoffeeOrderSystemPractice" */ = {
			isa = XCConfigurationList;
			buildConfigurations = (
				B79E767020D7432900B13157 /* Debug */,
				B79E767120D7432900B13157 /* Release */,
			);
			defaultConfigurationIsVisible = 0;
			defaultConfigurationName = Release;
		};
/* End XCConfigurationList section */
	};
	rootObject = B79E765520D7432800B13157 /* Project object */;
}
